PODS:
  - Alamofire (5.6.4)
  - InputBarAccessoryView (5.5.0):
    - InputBarAccessoryView/Core (= 5.5.0)
  - InputBarAccessoryView/Core (5.5.0)
  - MessageKit (3.8.0):
    - InputBarAccessoryView (~> 5.5.0)
  - Scaledrone (0.3.0):
    - Starscream (~> 2.1.0)
  - Starscream (2.1.1)

DEPENDENCIES:
  - Alamofire
  - MessageKit
  - Scaledrone (~> 0.3.0)

SPEC REPOS:
  trunk:
    - Alamofire
    - InputBarAccessoryView
    - MessageKit
    - Scaledrone
    - Starscream

SPEC CHECKSUMS:
  Alamofire: 4e95d97098eacb88856099c4fc79b526a299e48c
  InputBarAccessoryView: 1d7b0a672b36e370f01f264b3907ef39d03328e3
  MessageKit: a1ba0c69ebead94029867853eb44dd05b9b3f453
  Scaledrone: 25e5e70107222ed50046fc0ed9569915bdb85262
  Starscream: 142bd8ef24592d985daee9fa48c936070b85b15f

PODFILE CHECKSUM: 6a2a134b08d0c9da23adac2574cd35bc9a44163c

COCOAPODS: 1.11.3
